
Microsoft Visual Studio Solution File, Format Version 12.00
# Visual Studio Version 16
VisualStudioVersion = 16.0.30804.86
MinimumVisualStudioVersion = 10.0.40219.1
Project("{FAE04EC0-301F-11D3-BF4B-00C04F79EFBC}") = "DoorManagementClient", "DoorManagementClient\DoorManagementClient.csproj", "{99722B27-2A36-4BC5-8EFC-7646C80FFEC4}"
EndProject
Project("{9A19103F-16F7-4668-BE54-9A1E7A4F7556}") = "DoorManagement.SignalR", "DoorManagement.SignalR\DoorManagement.SignalR.csproj", "{0A31970C-7AB0-420E-B689-5684259CBF6B}"
EndProject
Global
	GlobalSection(SolutionConfigurationPlatforms) = preSolution
		Debug|Any CPU = Debug|Any CPU
		Release|Any CPU = Release|Any CPU
	EndGlobalSection
	GlobalSection(ProjectConfigurationPlatforms) = postSolution
		{99722B27-2A36-4BC5-8EFC-7646C80FFEC4}.Debug|Any CPU.ActiveCfg = Debug|Any CPU
		{99722B27-2A36-4BC5-8EFC-7646C80FFEC4}.Debug|Any CPU.Build.0 = Debug|Any CPU
		{99722B27-2A36-4BC5-8EFC-7646C80FFEC4}.Release|Any CPU.ActiveCfg = Release|Any CPU
		{99722B27-2A36-4BC5-8EFC-7646C80FFEC4}.Release|Any CPU.Build.0 = Release|Any CPU
		{0A31970C-7AB0-420E-B689-5684259CBF6B}.Debug|Any CPU.ActiveCfg = Debug|Any CPU
		{0A31970C-7AB0-420E-B689-5684259CBF6B}.Debug|Any CPU.Build.0 = Debug|Any CPU
		{0A31970C-7AB0-420E-B689-5684259CBF6B}.Release|Any CPU.ActiveCfg = Release|Any CPU
		{0A31970C-7AB0-420E-B689-5684259CBF6B}.Release|Any CPU.Build.0 = Release|Any CPU
	EndGlobalSection
	GlobalSection(SolutionProperties) = preSolution
		HideSolutionNode = FALSE
	EndGlobalSection
	GlobalSection(ExtensibilityGlobals) = postSolution
		SolutionGuid = {1035A480-BF19-44E7-9B3B-B8D4DDE17668}
	EndGlobalSection
EndGlobal
